
Microsoft Visual Studio Solution File, Format Version 12.00
# Visual Studio Version 16
VisualStudioVersion = 16.0.30717.126
MinimumVisualStudioVersion = 10.0.40219.1
Project("{FAE04EC0-301F-11D3-BF4B-00C04F79EFBC}") = "Application", "Application.csproj", "{032AE3C9-0D14-4D64-B5D6-6F5FC1383720}"
EndProject
Global
	GlobalSection(SolutionConfigurationPlatforms) = preSolution
		Debug|Any CPU = Debug|Any CPU
		Release|Any CPU = Release|Any CPU
	EndGlobalSection
	GlobalSection(ProjectConfigurationPlatforms) = postSolution
		{032AE3C9-0D14-4D64-B5D6-6F5FC1383720}.Debug|Any CPU.ActiveCfg = Debug|Any CPU
		{032AE3C9-0D14-4D64-B5D6-6F5FC1383720}.Debug|Any CPU.Build.0 = Debug|Any CPU
		{032AE3C9-0D14-4D64-B5D6-6F5FC1383720}.Release|Any CPU.ActiveCfg = Release|Any CPU
		{032AE3C9-0D14-4D64-B5D6-6F5FC1383720}.Release|Any CPU.Build.0 = Release|Any CPU
	EndGlobalSection
	GlobalSection(SolutionProperties) = preSolution
		HideSolutionNode = FALSE
	EndGlobalSection
	GlobalSection(ExtensibilityGlobals) = postSolution
		SolutionGuid = {CD2B3853-3610-4E31-AFAF-89E3F0D7A82D}
	EndGlobalSection
EndGlobal
